
Microsoft Visual Studio Solution File, Format Version 12.00
# Visual Studio Version 16
VisualStudioVersion = 16.0.29326.143
MinimumVisualStudioVersion = 10.0.40219.1
Project("{FAE04EC0-301F-11D3-BF4B-00C04F79EFBC}") = "ECommerce.Api.Products", "ECommerce.Api.Products\ECommerce.Api.Products.csproj", "{9121DDC4-DBAE-44C5-AA23-0AD9BBD11D95}"
EndProject
Project("{FAE04EC0-301F-11D3-BF4B-00C04F79EFBC}") = "ECommerce.Api.Customers", "ECommerce.Api.Customers\ECommerce.Api.Customers.csproj", "{3D6E0C04-D911-49EE-A0F4-E0240B679F4D}"
EndProject
Project("{FAE04EC0-301F-11D3-BF4B-00C04F79EFBC}") = "ECommerce.Api.Orders", "ECommerce.Api.Orders\ECommerce.Api.Orders.csproj", "{06C82E6E-41FC-4663-BC5D-5008830397AF}"
EndProject
Project("{FAE04EC0-301F-11D3-BF4B-00C04F79EFBC}") = "ECommerce.Api.Search", "ECommerce.Api.Search\ECommerce.Api.Search.csproj", "{F50410F0-1E69-4D01-8218-852731B01949}"
EndProject
Project("{FAE04EC0-301F-11D3-BF4B-00C04F79EFBC}") = "ECommerce.Api.Products.Tests", "ECommerce.Api.Products.Tests\ECommerce.Api.Products.Tests.csproj", "{E28707A3-76B9-4D12-862B-4FB6613BA6D9}"
EndProject
Global
	GlobalSection(SolutionConfigurationPlatforms) = preSolution
		Debug|Any CPU = Debug|Any CPU
		Release|Any CPU = Release|Any CPU
	EndGlobalSection
	GlobalSection(ProjectConfigurationPlatforms) = postSolution
		{9121DDC4-DBAE-44C5-AA23-0AD9BBD11D95}.Debug|Any CPU.ActiveCfg = Debug|Any CPU
		{9121DDC4-DBAE-44C5-AA23-0AD9BBD11D95}.Debug|Any CPU.Build.0 = Debug|Any CPU
		{9121DDC4-DBAE-44C5-AA23-0AD9BBD11D95}.Release|Any CPU.ActiveCfg = Release|Any CPU
		{9121DDC4-DBAE-44C5-AA23-0AD9BBD11D95}.Release|Any CPU.Build.0 = Release|Any CPU
		{3D6E0C04-D911-49EE-A0F4-E0240B679F4D}.Debug|Any CPU.ActiveCfg = Debug|Any CPU
		{3D6E0C04-D911-49EE-A0F4-E0240B679F4D}.Debug|Any CPU.Build.0 = Debug|Any CPU
		{3D6E0C04-D911-49EE-A0F4-E0240B679F4D}.Release|Any CPU.ActiveCfg = Release|Any CPU
		{3D6E0C04-D911-49EE-A0F4-E0240B679F4D}.Release|Any CPU.Build.0 = Release|Any CPU
		{06C82E6E-41FC-4663-BC5D-5008830397AF}.Debug|Any CPU.ActiveCfg = Debug|Any CPU
		{06C82E6E-41FC-4663-BC5D-5008830397AF}.Debug|Any CPU.Build.0 = Debug|Any CPU
		{06C82E6E-41FC-4663-BC5D-5008830397AF}.Release|Any CPU.ActiveCfg = Release|Any CPU
		{06C82E6E-41FC-4663-BC5D-5008830397AF}.Release|Any CPU.Build.0 = Release|Any CPU
		{F50410F0-1E69-4D01-8218-852731B01949}.Debug|Any CPU.ActiveCfg = Debug|Any CPU
		{F50410F0-1E69-4D01-8218-852731B01949}.Debug|Any CPU.Build.0 = Debug|Any CPU
		{F50410F0-1E69-4D01-8218-852731B01949}.Release|Any CPU.ActiveCfg = Release|Any CPU
		{F50410F0-1E69-4D01-8218-852731B01949}.Release|Any CPU.Build.0 = Release|Any CPU
		{E28707A3-76B9-4D12-862B-4FB6613BA6D9}.Debug|Any CPU.ActiveCfg = Debug|Any CPU
		{E28707A3-76B9-4D12-862B-4FB6613BA6D9}.Debug|Any CPU.Build.0 = Debug|Any CPU
		{E28707A3-76B9-4D12-862B-4FB6613BA6D9}.Release|Any CPU.ActiveCfg = Release|Any CPU
		{E28707A3-76B9-4D12-862B-4FB6613BA6D9}.Release|Any CPU.Build.0 = Release|Any CPU
	EndGlobalSection
	GlobalSection(SolutionProperties) = preSolution
		HideSolutionNode = FALSE
	EndGlobalSection
	GlobalSection(ExtensibilityGlobals) = postSolution
		SolutionGuid = {0C0A0BBD-CC60-4EF4-97E4-CAC4C7755E44}
	EndGlobalSection
EndGlobal
